
Microsoft Visual Studio Solution File, Format Version 12.00
# Visual Studio Version 17
VisualStudioVersion = 17.1.32421.90
MinimumVisualStudioVersion = 10.0.40219.1
Project("{8BC9CEB8-8B4A-11D0-8D11-00A0C91BC942}") = "EmbeddedCrasher", "EmbeddedCrasher\EmbeddedCrasher.vcxproj", "{3BC29DCC-F93D-4C75-80D6-C072AE0D7F4D}"
	ProjectSection(ProjectDependencies) = postProject
		{B82E8E91-A7AE-47D1-84AB-3F1706E3B3FB} = {B82E8E91-A7AE-47D1-84AB-3F1706E3B3FB}
	EndProjectSection
EndProject
Project("{8BC9CEB8-8B4A-11D0-8D11-00A0C91BC942}") = "EmbeddedClr", "EmbeddedClr\EmbeddedClr.vcxproj", "{B82E8E91-A7AE-47D1-84AB-3F1706E3B3FB}"
EndProject
Project("{FAE04EC0-301F-11D3-BF4B-00C04F79EFBC}") = "AppCrasher", "AppCrasher\AppCrasher.csproj", "{3DE435D6-6B74-4A84-8E7C-10FA7D2F3F8B}"
EndProject
Global
	GlobalSection(SolutionConfigurationPlatforms) = preSolution
		Debug|x64 = Debug|x64
		Release|x64 = Release|x64
	EndGlobalSection
	GlobalSection(ProjectConfigurationPlatforms) = postSolution
		{3BC29DCC-F93D-4C75-80D6-C072AE0D7F4D}.Debug|x64.ActiveCfg = Debug|x64
		{3BC29DCC-F93D-4C75-80D6-C072AE0D7F4D}.Debug|x64.Build.0 = Debug|x64
		{3BC29DCC-F93D-4C75-80D6-C072AE0D7F4D}.Release|x64.ActiveCfg = Release|x64
		{3BC29DCC-F93D-4C75-80D6-C072AE0D7F4D}.Release|x64.Build.0 = Release|x64
		{B82E8E91-A7AE-47D1-84AB-3F1706E3B3FB}.Debug|x64.ActiveCfg = Debug|x64
		{B82E8E91-A7AE-47D1-84AB-3F1706E3B3FB}.Debug|x64.Build.0 = Debug|x64
		{B82E8E91-A7AE-47D1-84AB-3F1706E3B3FB}.Release|x64.ActiveCfg = Release|x64
		{B82E8E91-A7AE-47D1-84AB-3F1706E3B3FB}.Release|x64.Build.0 = Release|x64
		{3DE435D6-6B74-4A84-8E7C-10FA7D2F3F8B}.Debug|x64.ActiveCfg = Debug|x64
		{3DE435D6-6B74-4A84-8E7C-10FA7D2F3F8B}.Debug|x64.Build.0 = Debug|x64
		{3DE435D6-6B74-4A84-8E7C-10FA7D2F3F8B}.Release|x64.ActiveCfg = Release|x64
		{3DE435D6-6B74-4A84-8E7C-10FA7D2F3F8B}.Release|x64.Build.0 = Release|x64
	EndGlobalSection
	GlobalSection(SolutionProperties) = preSolution
		HideSolutionNode = FALSE
	EndGlobalSection
	GlobalSection(ExtensibilityGlobals) = postSolution
		SolutionGuid = {A2A8F2F4-0E9D-4945-BCDF-F1EBA5574836}
	EndGlobalSection
EndGlobal
